
Microsoft Visual Studio Solution File, Format Version 12.00
# Visual Studio Version 17
VisualStudioVersion = 17.8.34330.188
MinimumVisualStudioVersion = 10.0.40219.1
Project("{9A19103F-16F7-4668-BE54-9A1E7A4F7556}") = "course-backend", "course-backend\course-backend.csproj", "{3AC5FC2C-8C4B-42AD-BDA3-ADBD8CAC8A54}"
EndProject
Project("{9A19103F-16F7-4668-BE54-9A1E7A4F7556}") = "course-backend-interfaces", "course-backend-interfaces\course-backend-interfaces.csproj", "{1DF76AEC-6421-410B-BB84-200375F48F09}"
EndProject
Project("{9A19103F-16F7-4668-BE54-9A1E7A4F7556}") = "course-backend-data-access", "course-backend-data-access\course-backend-data-access.csproj", "{20C67627-8964-4F6C-971F-28A3F18A187E}"
EndProject
Project("{9A19103F-16F7-4668-BE54-9A1E7A4F7556}") = "course-backend-implementations", "course-backend-implementations\course-backend-implementations.csproj", "{8E3AF755-7878-4D01-A712-5ADD58CB3EFF}"
EndProject
Project("{9A19103F-16F7-4668-BE54-9A1E7A4F7556}") = "course-backend-entities", "course-backend-entities\course-backend-entities.csproj", "{1A6FA687-5F4B-49D8-80CC-A09D3B52BBD7}"
EndProject
Global
	GlobalSection(SolutionConfigurationPlatforms) = preSolution
		Debug|Any CPU = Debug|Any CPU
		Release|Any CPU = Release|Any CPU
	EndGlobalSection
	GlobalSection(ProjectConfigurationPlatforms) = postSolution
		{3AC5FC2C-8C4B-42AD-BDA3-ADBD8CAC8A54}.Debug|Any CPU.ActiveCfg = Debug|Any CPU
		{3AC5FC2C-8C4B-42AD-BDA3-ADBD8CAC8A54}.Debug|Any CPU.Build.0 = Debug|Any CPU
		{3AC5FC2C-8C4B-42AD-BDA3-ADBD8CAC8A54}.Release|Any CPU.ActiveCfg = Release|Any CPU
		{3AC5FC2C-8C4B-42AD-BDA3-ADBD8CAC8A54}.Release|Any CPU.Build.0 = Release|Any CPU
		{1DF76AEC-6421-410B-BB84-200375F48F09}.Debug|Any CPU.ActiveCfg = Debug|Any CPU
		{1DF76AEC-6421-410B-BB84-200375F48F09}.Debug|Any CPU.Build.0 = Debug|Any CPU
		{1DF76AEC-6421-410B-BB84-200375F48F09}.Release|Any CPU.ActiveCfg = Release|Any CPU
		{1DF76AEC-6421-410B-BB84-200375F48F09}.Release|Any CPU.Build.0 = Release|Any CPU
		{20C67627-8964-4F6C-971F-28A3F18A187E}.Debug|Any CPU.ActiveCfg = Debug|Any CPU
		{20C67627-8964-4F6C-971F-28A3F18A187E}.Debug|Any CPU.Build.0 = Debug|Any CPU
		{20C67627-8964-4F6C-971F-28A3F18A187E}.Release|Any CPU.ActiveCfg = Release|Any CPU
		{20C67627-8964-4F6C-971F-28A3F18A187E}.Release|Any CPU.Build.0 = Release|Any CPU
		{8E3AF755-7878-4D01-A712-5ADD58CB3EFF}.Debug|Any CPU.ActiveCfg = Debug|Any CPU
		{8E3AF755-7878-4D01-A712-5ADD58CB3EFF}.Debug|Any CPU.Build.0 = Debug|Any CPU
		{8E3AF755-7878-4D01-A712-5ADD58CB3EFF}.Release|Any CPU.ActiveCfg = Release|Any CPU
		{8E3AF755-7878-4D01-A712-5ADD58CB3EFF}.Release|Any CPU.Build.0 = Release|Any CPU
		{1A6FA687-5F4B-49D8-80CC-A09D3B52BBD7}.Debug|Any CPU.ActiveCfg = Debug|Any CPU
		{1A6FA687-5F4B-49D8-80CC-A09D3B52BBD7}.Debug|Any CPU.Build.0 = Debug|Any CPU
		{1A6FA687-5F4B-49D8-80CC-A09D3B52BBD7}.Release|Any CPU.ActiveCfg = Release|Any CPU
		{1A6FA687-5F4B-49D8-80CC-A09D3B52BBD7}.Release|Any CPU.Build.0 = Release|Any CPU
	EndGlobalSection
	GlobalSection(SolutionProperties) = preSolution
		HideSolutionNode = FALSE
	EndGlobalSection
	GlobalSection(ExtensibilityGlobals) = postSolution
		SolutionGuid = {751C0C37-9BEF-497B-97C3-635950F3D3BC}
	EndGlobalSection
EndGlobal
